<?xml version="1.0" encoding="utf-8"?>
<Project ToolsVersion="4.0" xmlns="http://schemas.microsoft.com/developer/msbuild/2003">
  <ItemGroup>
    <Filter Include="Исходные файлы">
      <UniqueIdentifier>{4FC737F1-C7A5-4376-A066-2A32D752A2FF}</UniqueIdentifier>
      <Extensions>cpp;c;cc;cxx;def;odl;idl;hpj;bat;asm;asmx</Extensions>
    </Filter>
    <Filter Include="Исходные файлы\auxiliary">
      <UniqueIdentifier>{9bbd50a5-3bee-41b1-9eaf-fffe0605d4f8}</UniqueIdentifier>
    </Filter>
    <Filter Include="Исходные файлы\include">
      <UniqueIdentifier>{2ba77fcb-a714-4278-a158-4895b3b6d2b6}</UniqueIdentifier>
    </Filter>
    <Filter Include="Исходные файлы\source">
      <UniqueIdentifier>{f1434dec-0236-4ca6-90dc-256e70202826}</UniqueIdentifier>
    </Filter>
    <Filter Include="Исходные файлы\source\pawn">
      <UniqueIdentifier>{ef494ca9-4322-485d-b2e8-836d3dba4f1d}</UniqueIdentifier>
    </Filter>
    <Filter Include="Исходные файлы\source\network">
      <UniqueIdentifier>{7217b9df-28af-4f7c-9928-c98402a48ed0}</UniqueIdentifier>
    </Filter>
    <Filter Include="Исходные файлы\include\pawn">
      <UniqueIdentifier>{103b8a18-4c08-4c9e-bd34-c24e9263fe6b}</UniqueIdentifier>
    </Filter>
    <Filter Include="Исходные файлы\include\raknet">
      <UniqueIdentifier>{b3ed53db-a689-4120-9f1f-37b94ae856af}</UniqueIdentifier>
    </Filter>
    <Filter Include="Исходные файлы\include\util">
      <UniqueIdentifier>{ad6b0823-ba62-4530-8a5f-f315080757ae}</UniqueIdentifier>
    </Filter>
    <Filter Include="Исходные файлы\include\ysf">
      <UniqueIdentifier>{6279fb53-3181-43ce-b82c-1745025fb54f}</UniqueIdentifier>
    </Filter>
    <Filter Include="Исходные файлы\include\ysf\utils">
      <UniqueIdentifier>{153cb6c7-ac9b-4c65-aac4-46d13226a1f6}</UniqueIdentifier>
    </Filter>
    <Filter Include="Исходные файлы\include\pawn\amx">
      <UniqueIdentifier>{c952d2bf-3c6c-47cd-97b4-352a1b69f6a0}</UniqueIdentifier>
    </Filter>
    <Filter Include="Исходные файлы\source\store">
      <UniqueIdentifier>{ad7f7618-10d7-4487-bc4a-12a5f6fab1f1}</UniqueIdentifier>
    </Filter>
    <Filter Include="Исходные файлы\source\audio">
      <UniqueIdentifier>{53af3200-b875-493b-8d80-ed966934bfbb}</UniqueIdentifier>
    </Filter>
    <Filter Include="Исходные файлы\source\audio\effects">
      <UniqueIdentifier>{8f99b111-4e44-4394-9d14-ea7e7cdaedb3}</UniqueIdentifier>
    </Filter>
    <Filter Include="Исходные файлы\source\audio\streams">
      <UniqueIdentifier>{7d8874c0-45c7-4abb-b937-54332f664527}</UniqueIdentifier>
    </Filter>
    <Filter Include="Исходные файлы\source\audio\streams\dynamic">
      <UniqueIdentifier>{13bb7d76-77c5-402b-8617-27bae6074926}</UniqueIdentifier>
    </Filter>
    <Filter Include="Исходные файлы\source\audio\streams\static">
      <UniqueIdentifier>{89163e00-1337-495a-9820-42555d26d861}</UniqueIdentifier>
    </Filter>
    <Filter Include="Исходные файлы\source\audio\parameters">
      <UniqueIdentifier>{2df562c3-999e-45f0-82b6-cde018ecf8b1}</UniqueIdentifier>
    </Filter>
  </ItemGroup>
  <ItemGroup>
    <ClInclude Include="VoicePacket.h">
      <Filter>Исходные файлы\source\network</Filter>
    </ClInclude>
    <ClInclude Include="ControlPacket.h">
      <Filter>Исходные файлы\source\network</Filter>
    </ClInclude>
    <ClInclude Include="Header.h">
      <Filter>Исходные файлы\source</Filter>
    </ClInclude>
    <ClInclude Include="include\ysf\addresses.h">
      <Filter>Исходные файлы\include\ysf</Filter>
    </ClInclude>
    <ClInclude Include="include\ysf\globals.h">
      <Filter>Исходные файлы\include\ysf</Filter>
    </ClInclude>
    <ClInclude Include="include\ysf\structs.h">
      <Filter>Исходные файлы\include\ysf</Filter>
    </ClInclude>
    <ClInclude Include="include\ysf\utils\cvector.h">
      <Filter>Исходные файлы\include\ysf\utils</Filter>
    </ClInclude>
    <ClInclude Include="include\ysf\utils\cvector2d.h">
      <Filter>Исходные файлы\include\ysf\utils</Filter>
    </ClInclude>
    <ClInclude Include="include\ysf\utils\memory.h">
      <Filter>Исходные файлы\include\ysf\utils</Filter>
    </ClInclude>
    <ClInclude Include="include\util\logger.h">
      <Filter>Исходные файлы\include\util</Filter>
    </ClInclude>
    <ClInclude Include="include\util\memory.hpp">
      <Filter>Исходные файлы\include\util</Filter>
    </ClInclude>
    <ClInclude Include="include\util\raknet.h">
      <Filter>Исходные файлы\include\util</Filter>
    </ClInclude>
    <ClInclude Include="include\raknet\bitstream.h">
      <Filter>Исходные файлы\include\raknet</Filter>
    </ClInclude>
    <ClInclude Include="include\raknet\networktypes.h">
      <Filter>Исходные файлы\include\raknet</Filter>
    </ClInclude>
    <ClInclude Include="include\pawn\plugincommon.h">
      <Filter>Исходные файлы\include\pawn</Filter>
    </ClInclude>
    <ClInclude Include="include\pawn\amx\amx.h">
      <Filter>Исходные файлы\include\pawn\amx</Filter>
    </ClInclude>
    <ClInclude Include="include\pawn\amx\getch.h">
      <Filter>Исходные файлы\include\pawn\amx</Filter>
    </ClInclude>
    <ClInclude Include="include\pawn\amx\sclinux.h">
      <Filter>Исходные файлы\include\pawn\amx</Filter>
    </ClInclude>
    <ClInclude Include="Network.h">
      <Filter>Исходные файлы\source\network</Filter>
    </ClInclude>
    <ClInclude Include="Pawn.h">
      <Filter>Исходные файлы\source\pawn</Filter>
    </ClInclude>
    <ClInclude Include="DynamicLocalStreamAtVehicle.h">
      <Filter>Исходные файлы\source\audio\streams\dynamic</Filter>
    </ClInclude>
    <ClInclude Include="DynamicLocalStreamAtPoint.h">
      <Filter>Исходные файлы\source\audio\streams\dynamic</Filter>
    </ClInclude>
    <ClInclude Include="DynamicLocalStreamAtPlayer.h">
      <Filter>Исходные файлы\source\audio\streams\dynamic</Filter>
    </ClInclude>
    <ClInclude Include="DynamicLocalStreamAtObject.h">
      <Filter>Исходные файлы\source\audio\streams\dynamic</Filter>
    </ClInclude>
    <ClInclude Include="StaticLocalStreamAtVehicle.h">
      <Filter>Исходные файлы\source\audio\streams\static</Filter>
    </ClInclude>
    <ClInclude Include="StaticLocalStreamAtPoint.h">
      <Filter>Исходные файлы\source\audio\streams\static</Filter>
    </ClInclude>
    <ClInclude Include="StaticLocalStreamAtPlayer.h">
      <Filter>Исходные файлы\source\audio\streams\static</Filter>
    </ClInclude>
    <ClInclude Include="StaticLocalStreamAtObject.h">
      <Filter>Исходные файлы\source\audio\streams\static</Filter>
    </ClInclude>
    <ClInclude Include="Stream.h">
      <Filter>Исходные файлы\source\audio\streams</Filter>
    </ClInclude>
    <ClInclude Include="PointStream.h">
      <Filter>Исходные файлы\source\audio\streams</Filter>
    </ClInclude>
    <ClInclude Include="LocalStream.h">
      <Filter>Исходные файлы\source\audio\streams</Filter>
    </ClInclude>
    <ClInclude Include="GlobalStream.h">
      <Filter>Исходные файлы\source\audio\streams</Filter>
    </ClInclude>
    <ClInclude Include="DynamicStream.h">
      <Filter>Исходные файлы\source\audio\streams</Filter>
    </ClInclude>
    <ClInclude Include="include\SPSCQueue.h">
      <Filter>Исходные файлы\include</Filter>
    </ClInclude>
    <ClInclude Include="PlayerStore.h">
      <Filter>Исходные файлы\source\store</Filter>
    </ClInclude>
    <ClInclude Include="PlayerInfo.h">
      <Filter>Исходные файлы\source\store</Filter>
    </ClInclude>
    <ClInclude Include="include\MPMCQueue.h">
      <Filter>Исходные файлы\include</Filter>
    </ClInclude>
    <ClInclude Include="Worker.h">
      <Filter>Исходные файлы\source</Filter>
    </ClInclude>
    <ClInclude Include="Effect.h">
      <Filter>Исходные файлы\source\audio\effects</Filter>
    </ClInclude>
    <ClInclude Include="Parameter.h">
      <Filter>Исходные файлы\source\audio\parameters</Filter>
    </ClInclude>
    <ClInclude Include="include\util\timer.h">
      <Filter>Исходные файлы\include\util</Filter>
    </ClInclude>
  </ItemGroup>
  <ItemGroup>
    <ClCompile Include="VoicePacket.cpp">
      <Filter>Исходные файлы\source\network</Filter>
    </ClCompile>
    <ClCompile Include="main.cpp">
      <Filter>Исходные файлы\source</Filter>
    </ClCompile>
    <ClCompile Include="include\ysf\ysf.cpp">
      <Filter>Исходные файлы\include\ysf</Filter>
    </ClCompile>
    <ClCompile Include="include\util\logger.cpp">
      <Filter>Исходные файлы\include\util</Filter>
    </ClCompile>
    <ClCompile Include="include\util\raknet.cpp">
      <Filter>Исходные файлы\include\util</Filter>
    </ClCompile>
    <ClCompile Include="include\raknet\bitstream.cpp">
      <Filter>Исходные файлы\include\raknet</Filter>
    </ClCompile>
    <ClCompile Include="include\pawn\amxplugin.cpp">
      <Filter>Исходные файлы\include\pawn</Filter>
    </ClCompile>
    <ClCompile Include="Pawn.cpp">
      <Filter>Исходные файлы\source\pawn</Filter>
    </ClCompile>
    <ClCompile Include="DynamicLocalStreamAtVehicle.cpp">
      <Filter>Исходные файлы\source\audio\streams\dynamic</Filter>
    </ClCompile>
    <ClCompile Include="DynamicLocalStreamAtPoint.cpp">
      <Filter>Исходные файлы\source\audio\streams\dynamic</Filter>
    </ClCompile>
    <ClCompile Include="DynamicLocalStreamAtPlayer.cpp">
      <Filter>Исходные файлы\source\audio\streams\dynamic</Filter>
    </ClCompile>
    <ClCompile Include="DynamicLocalStreamAtObject.cpp">
      <Filter>Исходные файлы\source\audio\streams\dynamic</Filter>
    </ClCompile>
    <ClCompile Include="StaticLocalStreamAtVehicle.cpp">
      <Filter>Исходные файлы\source\audio\streams\static</Filter>
    </ClCompile>
    <ClCompile Include="StaticLocalStreamAtPoint.cpp">
      <Filter>Исходные файлы\source\audio\streams\static</Filter>
    </ClCompile>
    <ClCompile Include="StaticLocalStreamAtPlayer.cpp">
      <Filter>Исходные файлы\source\audio\streams\static</Filter>
    </ClCompile>
    <ClCompile Include="StaticLocalStreamAtObject.cpp">
      <Filter>Исходные файлы\source\audio\streams\static</Filter>
    </ClCompile>
    <ClCompile Include="Stream.cpp">
      <Filter>Исходные файлы\source\audio\streams</Filter>
    </ClCompile>
    <ClCompile Include="PointStream.cpp">
      <Filter>Исходные файлы\source\audio\streams</Filter>
    </ClCompile>
    <ClCompile Include="LocalStream.cpp">
      <Filter>Исходные файлы\source\audio\streams</Filter>
    </ClCompile>
    <ClCompile Include="GlobalStream.cpp">
      <Filter>Исходные файлы\source\audio\streams</Filter>
    </ClCompile>
    <ClCompile Include="DynamicStream.cpp">
      <Filter>Исходные файлы\source\audio\streams</Filter>
    </ClCompile>
    <ClCompile Include="ControlPacket.cpp">
      <Filter>Исходные файлы\source\network</Filter>
    </ClCompile>
    <ClCompile Include="Network.cpp">
      <Filter>Исходные файлы\source\network</Filter>
    </ClCompile>
    <ClCompile Include="PlayerStore.cpp">
      <Filter>Исходные файлы\source\store</Filter>
    </ClCompile>
    <ClCompile Include="Effect.cpp">
      <Filter>Исходные файлы\source\audio\effects</Filter>
    </ClCompile>
    <ClCompile Include="Parameter.cpp">
      <Filter>Исходные файлы\source\audio\parameters</Filter>
    </ClCompile>
    <ClCompile Include="include\util\timer.cpp">
      <Filter>Исходные файлы\include\util</Filter>
    </ClCompile>
  </ItemGroup>
  <ItemGroup>
    <None Include="Makefile">
      <Filter>Исходные файлы\auxiliary</Filter>
    </None>
    <None Include="plugin.def">
      <Filter>Исходные файлы\auxiliary</Filter>
    </None>
    <None Include="sampvoice.inc">
      <Filter>Исходные файлы\auxiliary</Filter>
    </None>
  </ItemGroup>
</Project>